
Microsoft Visual Studio Solution File, Format Version 9.00
# Visual Studio 2005
Project("{FAE04EC0-301F-11D3-BF4B-00C04F79EFBC}") = "cvacars", "cvacars\cvacars.csproj", "{D8CEEC7A-6E73-40FB-AB08-B430D2A24A76}"
EndProject
Project("{FAE04EC0-301F-11D3-BF4B-00C04F79EFBC}") = "libcvacars", "libcvacars\libcvacars.csproj", "{EEA9AFE2-E131-43F2-B347-8F30652B3217}"
EndProject
Project("{FAE04EC0-301F-11D3-BF4B-00C04F79EFBC}") = "cvacarsd", "cvacarsd\cvacarsd.csproj", "{C982417D-C757-42AE-BEC4-887FC448CC5C}"
EndProject
Global
	GlobalSection(SourceCodeControl) = preSolution
		SccNumberOfProjects = 4
		SccLocalPath0 = .
		SccProjectUniqueName1 = cvacars\\cvacars.csproj
		SccLocalPath1 = .
		SccProjectFilePathRelativizedFromConnection1 = cvacars\\
		SccProjectUniqueName2 = cvacarsd\\cvacarsd.csproj
		SccLocalPath2 = .
		SccProjectFilePathRelativizedFromConnection2 = cvacarsd\\
		SccProjectUniqueName3 = libcvacars\\libcvacars.csproj
		SccLocalPath3 = .
		SccProjectFilePathRelativizedFromConnection3 = libcvacars\\
	EndGlobalSection
	GlobalSection(SolutionConfigurationPlatforms) = preSolution
		Debug|Any CPU = Debug|Any CPU
		Release|Any CPU = Release|Any CPU
	EndGlobalSection
	GlobalSection(ProjectConfigurationPlatforms) = postSolution
		{D8CEEC7A-6E73-40FB-AB08-B430D2A24A76}.Debug|Any CPU.ActiveCfg = Debug|Any CPU
		{D8CEEC7A-6E73-40FB-AB08-B430D2A24A76}.Debug|Any CPU.Build.0 = Debug|Any CPU
		{D8CEEC7A-6E73-40FB-AB08-B430D2A24A76}.Release|Any CPU.ActiveCfg = Release|Any CPU
		{D8CEEC7A-6E73-40FB-AB08-B430D2A24A76}.Release|Any CPU.Build.0 = Release|Any CPU
		{EEA9AFE2-E131-43F2-B347-8F30652B3217}.Debug|Any CPU.ActiveCfg = Debug|Any CPU
		{EEA9AFE2-E131-43F2-B347-8F30652B3217}.Debug|Any CPU.Build.0 = Debug|Any CPU
		{EEA9AFE2-E131-43F2-B347-8F30652B3217}.Release|Any CPU.ActiveCfg = Release|Any CPU
		{EEA9AFE2-E131-43F2-B347-8F30652B3217}.Release|Any CPU.Build.0 = Release|Any CPU
		{C982417D-C757-42AE-BEC4-887FC448CC5C}.Debug|Any CPU.ActiveCfg = Debug|Any CPU
		{C982417D-C757-42AE-BEC4-887FC448CC5C}.Debug|Any CPU.Build.0 = Debug|Any CPU
		{C982417D-C757-42AE-BEC4-887FC448CC5C}.Release|Any CPU.ActiveCfg = Release|Any CPU
		{C982417D-C757-42AE-BEC4-887FC448CC5C}.Release|Any CPU.Build.0 = Release|Any CPU
	EndGlobalSection
	GlobalSection(SolutionProperties) = preSolution
		HideSolutionNode = FALSE
	EndGlobalSection
EndGlobal
